// !$*UTF8*$!
{
	archiveVersion = 1;
	classes = {
	};
	objectVersion = 56;
	objects = {

/* Begin PBXBuildFile section */
		C41A23ED2C58759800ED0B5A /* AppDelegate.swift in Sources */ = {isa = PBXBuildFile; fileRef = C41A23EC2C58759800ED0B5A /* AppDelegate.swift */; };
		C41A23EF2C58759800ED0B5A /* SceneDelegate.swift in Sources */ = {isa = PBXBuildFile; fileRef = C41A23EE2C58759800ED0B5A /* SceneDelegate.swift */; };
		C41A23F12C58759800ED0B5A /* ViewController.swift in Sources */ = {isa = PBXBuildFile; fileRef = C41A23F02C58759800ED0B5A /* ViewController.swift */; };
		C41A23F42C58759800ED0B5A /* Base in Resources */ = {isa = PBXBuildFile; fileRef = C41A23F32C58759800ED0B5A /* Base */; };
		C41A23F62C58759900ED0B5A /* Assets.xcassets in Resources */ = {isa = PBXBuildFile; fileRef = C41A23F52C58759900ED0B5A /* Assets.xcassets */; };
		C41A23F92C58759900ED0B5A /* Base in Resources */ = {isa = PBXBuildFile; fileRef = C41A23F82C58759900ED0B5A /* Base */; };
		C41A24022C5875CF00ED0B5A /* RxCocoa in Frameworks */ = {isa = PBXBuildFile; productRef = C41A24012C5875CF00ED0B5A /* RxCocoa */; };
		C41A24042C5875CF00ED0B5A /* RxSwift in Frameworks */ = {isa = PBXBuildFile; productRef = C41A24032C5875CF00ED0B5A /* RxSwift */; };
		C41A24082C587AFC00ED0B5A /* SnapKit in Frameworks */ = {isa = PBXBuildFile; productRef = C41A24072C587AFC00ED0B5A /* SnapKit */; };
		C41A240A2C58ACB400ED0B5A /* BasicButtonViewController.swift in Sources */ = {isa = PBXBuildFile; fileRef = C41A24092C58ACB400ED0B5A /* BasicButtonViewController.swift */; };
		C41A240C2C58C08500ED0B5A /* OperatorViewController.swift in Sources */ = {isa = PBXBuildFile; fileRef = C41A240B2C58C08500ED0B5A /* OperatorViewController.swift */; };
		C48061242C59DF16003FF7EE /* UserViewController.swift in Sources */ = {isa = PBXBuildFile; fileRef = C48061232C59DF16003FF7EE /* UserViewController.swift */; };
/* End PBXBuildFile section */

/* Begin PBXFileReference section */
		C41A23E92C58759800ED0B5A /* RxSwift-basic-practice.app */ = {isa = PBXFileReference; explicitFileType = wrapper.application; includeInIndex = 0; path = "RxSwift-basic-practice.app"; sourceTree = BUILT_PRODUCTS_DIR; };
		C41A23EC2C58759800ED0B5A /* AppDelegate.swift */ = {isa = PBXFileReference; lastKnownFileType = sourcecode.swift; path = AppDelegate.swift; sourceTree = "<group>"; };
		C41A23EE2C58759800ED0B5A /* SceneDelegate.swift */ = {isa = PBXFileReference; lastKnownFileType = sourcecode.swift; path = SceneDelegate.swift; sourceTree = "<group>"; };
		C41A23F02C58759800ED0B5A /* ViewController.swift */ = {isa = PBXFileReference; lastKnownFileType = sourcecode.swift; path = ViewController.swift; sourceTree = "<group>"; };
		C41A23F32C58759800ED0B5A /* Base */ = {isa = PBXFileReference; lastKnownFileType = file.storyboard; name = Base; path = Base.lproj/Main.storyboard; sourceTree = "<group>"; };
		C41A23F52C58759900ED0B5A /* Assets.xcassets */ = {isa = PBXFileReference; lastKnownFileType = folder.assetcatalog; path = Assets.xcassets; sourceTree = "<group>"; };
		C41A23F82C58759900ED0B5A /* Base */ = {isa = PBXFileReference; lastKnownFileType = file.storyboard; name = Base; path = Base.lproj/LaunchScreen.storyboard; sourceTree = "<group>"; };
		C41A23FA2C58759900ED0B5A /* Info.plist */ = {isa = PBXFileReference; lastKnownFileType = text.plist.xml; path = Info.plist; sourceTree = "<group>"; };
		C41A24092C58ACB400ED0B5A /* BasicButtonViewController.swift */ = {isa = PBXFileReference; lastKnownFileType = sourcecode.swift; path = BasicButtonViewController.swift; sourceTree = "<group>"; };
		C41A240B2C58C08500ED0B5A /* OperatorViewController.swift */ = {isa = PBXFileReference; lastKnownFileType = sourcecode.swift; path = OperatorViewController.swift; sourceTree = "<group>"; };
		C48061232C59DF16003FF7EE /* UserViewController.swift */ = {isa = PBXFileReference; lastKnownFileType = sourcecode.swift; path = UserViewController.swift; sourceTree = "<group>"; };
/* End PBXFileReference section */

/* Begin PBXFrameworksBuildPhase section */
		C41A23E62C58759800ED0B5A /* Frameworks */ = {
			isa = PBXFrameworksBuildPhase;
			buildActionMask = 2147483647;
			files = (
				C41A24082C587AFC00ED0B5A /* SnapKit in Frameworks */,
				C41A24042C5875CF00ED0B5A /* RxSwift in Frameworks */,
				C41A24022C5875CF00ED0B5A /* RxCocoa in Frameworks */,
			);
			runOnlyForDeploymentPostprocessing = 0;
		};
/* End PBXFrameworksBuildPhase section */

/* Begin PBXGroup section */
		C41A23E02C58759800ED0B5A = {
			isa = PBXGroup;
			children = (
				C41A23EB2C58759800ED0B5A /* RxSwift-basic-practice */,
				C41A23EA2C58759800ED0B5A /* Products */,
			);
			sourceTree = "<group>";
		};
		C41A23EA2C58759800ED0B5A /* Products */ = {
			isa = PBXGroup;
			children = (
				C41A23E92C58759800ED0B5A /* RxSwift-basic-practice.app */,
			);
			name = Products;
			sourceTree = "<group>";
		};
		C41A23EB2C58759800ED0B5A /* RxSwift-basic-practice */ = {
			isa = PBXGroup;
			children = (
				C41A23EC2C58759800ED0B5A /* AppDelegate.swift */,
				C41A23EE2C58759800ED0B5A /* SceneDelegate.swift */,
				C41A23F02C58759800ED0B5A /* ViewController.swift */,
				C41A24092C58ACB400ED0B5A /* BasicButtonViewController.swift */,
				C41A23F22C58759800ED0B5A /* Main.storyboard */,
				C41A23F52C58759900ED0B5A /* Assets.xcassets */,
				C41A23F72C58759900ED0B5A /* LaunchScreen.storyboard */,
				C41A23FA2C58759900ED0B5A /* Info.plist */,
				C41A240B2C58C08500ED0B5A /* OperatorViewController.swift */,
				C48061232C59DF16003FF7EE /* UserViewController.swift */,
			);
			path = "RxSwift-basic-practice";
			sourceTree = "<group>";
		};
/* End PBXGroup section */

/* Begin PBXNativeTarget section */
		C41A23E82C58759800ED0B5A /* RxSwift-basic-practice */ = {
			isa = PBXNativeTarget;
			buildConfigurationList = C41A23FD2C58759900ED0B5A /* Build configuration list for PBXNativeTarget "RxSwift-basic-practice" */;
			buildPhases = (
				C41A23E52C58759800ED0B5A /* Sources */,
				C41A23E62C58759800ED0B5A /* Frameworks */,
				C41A23E72C58759800ED0B5A /* Resources */,
			);
			buildRules = (
			);
			dependencies = (
			);
			name = "RxSwift-basic-practice";
			packageProductDependencies = (
				C41A24012C5875CF00ED0B5A /* RxCocoa */,
				C41A24032C5875CF00ED0B5A /* RxSwift */,
				C41A24072C587AFC00ED0B5A /* SnapKit */,
			);
			productName = "RxSwift-basic-practice";
			productReference = C41A23E92C58759800ED0B5A /* RxSwift-basic-practice.app */;
			productType = "com.apple.product-type.application";
		};
/* End PBXNativeTarget section */

/* Begin PBXProject section */
		C41A23E12C58759800ED0B5A /* Project object */ = {
			isa = PBXProject;
			attributes = {
				BuildIndependentTargetsInParallel = 1;
				LastSwiftUpdateCheck = 1540;
				LastUpgradeCheck = 1540;
				TargetAttributes = {
					C41A23E82C58759800ED0B5A = {
						CreatedOnToolsVersion = 15.4;
					};
				};
			};
			buildConfigurationList = C41A23E42C58759800ED0B5A /* Build configuration list for PBXProject "RxSwift-basic-practice" */;
			compatibilityVersion = "Xcode 14.0";
			developmentRegion = en;
			hasScannedForEncodings = 0;
			knownRegions = (
				en,
				Base,
			);
			mainGroup = C41A23E02C58759800ED0B5A;
			packageReferences = (
				C41A24002C5875CF00ED0B5A /* XCRemoteSwiftPackageReference "RxSwift" */,
				C41A24062C587AFC00ED0B5A /* XCRemoteSwiftPackageReference "SnapKit" */,
			);
			productRefGroup = C41A23EA2C58759800ED0B5A /* Products */;
			projectDirPath = "";
			projectRoot = "";
			targets = (
				C41A23E82C58759800ED0B5A /* RxSwift-basic-practice */,
			);
		};
/* End PBXProject section */

/* Begin PBXResourcesBuildPhase section */
		C41A23E72C58759800ED0B5A /* Resources */ = {
			isa = PBXResourcesBuildPhase;
			buildActionMask = 2147483647;
			files = (
				C41A23F62C58759900ED0B5A /* Assets.xcassets in Resources */,
				C41A23F92C58759900ED0B5A /* Base in Resources */,
				C41A23F42C58759800ED0B5A /* Base in Resources */,
			);
			runOnlyForDeploymentPostprocessing = 0;
		};
/* End PBXResourcesBuildPhase section */

/* Begin PBXSourcesBuildPhase section */
		C41A23E52C58759800ED0B5A /* Sources */ = {
			isa = PBXSourcesBuildPhase;
			buildActionMask = 2147483647;
			files = (
				C41A240C2C58C08500ED0B5A /* OperatorViewController.swift in Sources */,
				C48061242C59DF16003FF7EE /* UserViewController.swift in Sources */,
				C41A23F12C58759800ED0B5A /* ViewController.swift in Sources */,
				C41A23ED2C58759800ED0B5A /* AppDelegate.swift in Sources */,
				C41A23EF2C58759800ED0B5A /* SceneDelegate.swift in Sources */,
				C41A240A2C58ACB400ED0B5A /* BasicButtonViewController.swift in Sources */,
			);
			runOnlyForDeploymentPostprocessing = 0;
		};
/* End PBXSourcesBuildPhase section */

/* Begin PBXVariantGroup section */
		C41A23F22C58759800ED0B5A /* Main.storyboard */ = {
			isa = PBXVariantGroup;
			children = (
				C41A23F32C58759800ED0B5A /* Base */,
			);
			name = Main.storyboard;
			sourceTree = "<group>";
		};
		C41A23F72C58759900ED0B5A /* LaunchScreen.storyboard */ = {
			isa = PBXVariantGroup;
			children = (
				C41A23F82C58759900ED0B5A /* Base */,
			);
			name = LaunchScreen.storyboard;
			sourceTree = "<group>";
		};
/* End PBXVariantGroup section */

/* Begin XCBuildConfiguration section */
		C41A23FB2C58759900ED0B5A /* Debug */ = {
			isa = XCBuildConfiguration;
			buildSettings = {
				ALWAYS_SEARCH_USER_PATHS = NO;
				ASSETCATALOG_COMPILER_GENERATE_SWIFT_ASSET_SYMBOL_EXTENSIONS = YES;
				CLANG_ANALYZER_NONNULL = YES;
				CLANG_ANALYZER_NUMBER_OBJECT_CONVERSION = YES_AGGRESSIVE;
				CLANG_CXX_LANGUAGE_STANDARD = "gnu++20";
				CLANG_ENABLE_MODULES = YES;
				CLANG_ENABLE_OBJC_ARC = YES;
				CLANG_ENABLE_OBJC_WEAK = YES;
				CLANG_WARN_BLOCK_CAPTURE_AUTORELEASING = YES;
				CLANG_WARN_BOOL_CONVERSION = YES;
				CLANG_WARN_COMMA = YES;
				CLANG_WARN_CONSTANT_CONVERSION = YES;
				CLANG_WARN_DEPRECATED_OBJC_IMPLEMENTATIONS = YES;
				CLANG_WARN_DIRECT_OBJC_ISA_USAGE = YES_ERROR;
				CLANG_WARN_DOCUMENTATION_COMMENTS = YES;
				CLANG_WARN_EMPTY_BODY = YES;
				CLANG_WARN_ENUM_CONVERSION = YES;
				CLANG_WARN_INFINITE_RECURSION = YES;
				CLANG_WARN_INT_CONVERSION = YES;
				CLANG_WARN_NON_LITERAL_NULL_CONVERSION = YES;
				CLANG_WARN_OBJC_IMPLICIT_RETAIN_SELF = YES;
				CLANG_WARN_OBJC_LITERAL_CONVERSION = YES;
				CLANG_WARN_OBJC_ROOT_CLASS = YES_ERROR;
				CLANG_WARN_QUOTED_INCLUDE_IN_FRAMEWORK_HEADER = YES;
				CLANG_WARN_RANGE_LOOP_ANALYSIS = YES;
				CLANG_WARN_STRICT_PROTOTYPES = YES;
				CLANG_WARN_SUSPICIOUS_MOVE = YES;
				CLANG_WARN_UNGUARDED_AVAILABILITY = YES_AGGRESSIVE;
				CLANG_WARN_UNREACHABLE_CODE = YES;
				CLANG_WARN__DUPLICATE_METHOD_MATCH = YES;
				COPY_PHASE_STRIP = NO;
				DEBUG_INFORMATION_FORMAT = dwarf;
				ENABLE_STRICT_OBJC_MSGSEND = YES;
				ENABLE_TESTABILITY = YES;
				ENABLE_USER_SCRIPT_SANDBOXING = YES;
				GCC_C_LANGUAGE_STANDARD = gnu17;
				GCC_DYNAMIC_NO_PIC = NO;
				GCC_NO_COMMON_BLOCKS = YES;
				GCC_OPTIMIZATION_LEVEL = 0;
				GCC_PREPROCESSOR_DEFINITIONS = (
					"DEBUG=1",
					"$(inherited)",
				);
				GCC_WARN_64_TO_32_BIT_CONVERSION = YES;
				GCC_WARN_ABOUT_RETURN_TYPE = YES_ERROR;
				GCC_WARN_UNDECLARED_SELECTOR = YES;
				GCC_WARN_UNINITIALIZED_AUTOS = YES_AGGRESSIVE;
				GCC_WARN_UNUSED_FUNCTION = YES;
				GCC_WARN_UNUSED_VARIABLE = YES;
				IPHONEOS_DEPLOYMENT_TARGET = 17.5;
				LOCALIZATION_PREFERS_STRING_CATALOGS = YES;
				MTL_ENABLE_DEBUG_INFO = INCLUDE_SOURCE;
				MTL_FAST_MATH = YES;
				ONLY_ACTIVE_ARCH = YES;
				SDKROOT = iphoneos;
				SWIFT_ACTIVE_COMPILATION_CONDITIONS = "DEBUG $(inherited)";
				SWIFT_OPTIMIZATION_LEVEL = "-Onone";
			};
			name = Debug;
		};
		C41A23FC2C58759900ED0B5A /* Release */ = {
			isa = XCBuildConfiguration;
			buildSettings = {
				ALWAYS_SEARCH_USER_PATHS = NO;
				ASSETCATALOG_COMPILER_GENERATE_SWIFT_ASSET_SYMBOL_EXTENSIONS = YES;
				CLANG_ANALYZER_NONNULL = YES;
				CLANG_ANALYZER_NUMBER_OBJECT_CONVERSION = YES_AGGRESSIVE;
				CLANG_CXX_LANGUAGE_STANDARD = "gnu++20";
				CLANG_ENABLE_MODULES = YES;
				CLANG_ENABLE_OBJC_ARC = YES;
				CLANG_ENABLE_OBJC_WEAK = YES;
				CLANG_WARN_BLOCK_CAPTURE_AUTORELEASING = YES;
				CLANG_WARN_BOOL_CONVERSION = YES;
				CLANG_WARN_COMMA = YES;
				CLANG_WARN_CONSTANT_CONVERSION = YES;
				CLANG_WARN_DEPRECATED_OBJC_IMPLEMENTATIONS = YES;
				CLANG_WARN_DIRECT_OBJC_ISA_USAGE = YES_ERROR;
				CLANG_WARN_DOCUMENTATION_COMMENTS = YES;
				CLANG_WARN_EMPTY_BODY = YES;
				CLANG_WARN_ENUM_CONVERSION = YES;
				CLANG_WARN_INFINITE_RECURSION = YES;
				CLANG_WARN_INT_CONVERSION = YES;
				CLANG_WARN_NON_LITERAL_NULL_CONVERSION = YES;
				CLANG_WARN_OBJC_IMPLICIT_RETAIN_SELF = YES;
				CLANG_WARN_OBJC_LITERAL_CONVERSION = YES;
				CLANG_WARN_OBJC_ROOT_CLASS = YES_ERROR;
				CLANG_WARN_QUOTED_INCLUDE_IN_FRAMEWORK_HEADER = YES;
				CLANG_WARN_RANGE_LOOP_ANALYSIS = YES;
				CLANG_WARN_STRICT_PROTOTYPES = YES;
				CLANG_WARN_SUSPICIOUS_MOVE = YES;
				CLANG_WARN_UNGUARDED_AVAILABILITY = YES_AGGRESSIVE;
				CLANG_WARN_UNREACHABLE_CODE = YES;
				CLANG_WARN__DUPLICATE_METHOD_MATCH = YES;
				COPY_PHASE_STRIP = NO;
				DEBUG_INFORMATION_FORMAT = "dwarf-with-dsym";
				ENABLE_NS_ASSERTIONS = NO;
				ENABLE_STRICT_OBJC_MSGSEND = YES;
				ENABLE_USER_SCRIPT_SANDBOXING = YES;
				GCC_C_LANGUAGE_STANDARD = gnu17;
				GCC_NO_COMMON_BLOCKS = YES;
				GCC_WARN_64_TO_32_BIT_CONVERSION = YES;
				GCC_WARN_ABOUT_RETURN_TYPE = YES_ERROR;
				GCC_WARN_UNDECLARED_SELECTOR = YES;
				GCC_WARN_UNINITIALIZED_AUTOS = YES_AGGRESSIVE;
				GCC_WARN_UNUSED_FUNCTION = YES;
				GCC_WARN_UNUSED_VARIABLE = YES;
				IPHONEOS_DEPLOYMENT_TARGET = 17.5;
				LOCALIZATION_PREFERS_STRING_CATALOGS = YES;
				MTL_ENABLE_DEBUG_INFO = NO;
				MTL_FAST_MATH = YES;
				SDKROOT = iphoneos;
				SWIFT_COMPILATION_MODE = wholemodule;
				VALIDATE_PRODUCT = YES;
			};
			name = Release;
		};
		C41A23FE2C58759900ED0B5A /* Debug */ = {
			isa = XCBuildConfiguration;
			buildSettings = {
				ASSETCATALOG_COMPILER_APPICON_NAME = AppIcon;
				ASSETCATALOG_COMPILER_GLOBAL_ACCENT_COLOR_NAME = AccentColor;
				CODE_SIGN_STYLE = Automatic;
				CURRENT_PROJECT_VERSION = 1;
				DEVELOPMENT_TEAM = 95Z2W8U6PK;
				GENERATE_INFOPLIST_FILE = YES;
				INFOPLIST_FILE = "RxSwift-basic-practice/Info.plist";
				INFOPLIST_KEY_UIApplicationSupportsIndirectInputEvents = YES;
				INFOPLIST_KEY_UILaunchStoryboardName = LaunchScreen;
				INFOPLIST_KEY_UIMainStoryboardFile = Main;
				INFOPLIST_KEY_UISupportedInterfaceOrientations_iPad = "UIInterfaceOrientationPortrait UIInterfaceOrientationPortraitUpsideDown UIInterfaceOrientationLandscapeLeft UIInterfaceOrientationLandscapeRight";
				INFOPLIST_KEY_UISupportedInterfaceOrientations_iPhone = "UIInterfaceOrientationPortrait UIInterfaceOrientationLandscapeLeft UIInterfaceOrientationLandscapeRight";
				LD_RUNPATH_SEARCH_PATHS = (
					"$(inherited)",
					"@executable_path/Frameworks",
				);
				MARKETING_VERSION = 1.0;
				PRODUCT_BUNDLE_IDENTIFIER = "com.junehee.RxSwift-basic-practice";
				PRODUCT_NAME = "$(TARGET_NAME)";
				SUPPORTED_PLATFORMS = "iphoneos iphonesimulator";
				SUPPORTS_MACCATALYST = NO;
				SUPPORTS_MAC_DESIGNED_FOR_IPHONE_IPAD = NO;
				SUPPORTS_XR_DESIGNED_FOR_IPHONE_IPAD = NO;
				SWIFT_EMIT_LOC_STRINGS = YES;
				SWIFT_VERSION = 5.0;
				TARGETED_DEVICE_FAMILY = 1;
			};
			name = Debug;
		};
		C41A23FF2C58759900ED0B5A /* Release */ = {
			isa = XCBuildConfiguration;
			buildSettings = {
				ASSETCATALOG_COMPILER_APPICON_NAME = AppIcon;
				ASSETCATALOG_COMPILER_GLOBAL_ACCENT_COLOR_NAME = AccentColor;
				CODE_SIGN_STYLE = Automatic;
				CURRENT_PROJECT_VERSION = 1;
				DEVELOPMENT_TEAM = 95Z2W8U6PK;
				GENERATE_INFOPLIST_FILE = YES;
				INFOPLIST_FILE = "RxSwift-basic-practice/Info.plist";
				INFOPLIST_KEY_UIApplicationSupportsIndirectInputEvents = YES;
				INFOPLIST_KEY_UILaunchStoryboardName = LaunchScreen;
				INFOPLIST_KEY_UIMainStoryboardFile = Main;
				INFOPLIST_KEY_UISupportedInterfaceOrientations_iPad = "UIInterfaceOrientationPortrait UIInterfaceOrientationPortraitUpsideDown UIInterfaceOrientationLandscapeLeft UIInterfaceOrientationLandscapeRight";
				INFOPLIST_KEY_UISupportedInterfaceOrientations_iPhone = "UIInterfaceOrientationPortrait UIInterfaceOrientationLandscapeLeft UIInterfaceOrientationLandscapeRight";
				LD_RUNPATH_SEARCH_PATHS = (
					"$(inherited)",
					"@executable_path/Frameworks",
				);
				MARKETING_VERSION = 1.0;
				PRODUCT_BUNDLE_IDENTIFIER = "com.junehee.RxSwift-basic-practice";
				PRODUCT_NAME = "$(TARGET_NAME)";
				SUPPORTED_PLATFORMS = "iphoneos iphonesimulator";
				SUPPORTS_MACCATALYST = NO;
				SUPPORTS_MAC_DESIGNED_FOR_IPHONE_IPAD = NO;
				SUPPORTS_XR_DESIGNED_FOR_IPHONE_IPAD = NO;
				SWIFT_EMIT_LOC_STRINGS = YES;
				SWIFT_VERSION = 5.0;
				TARGETED_DEVICE_FAMILY = 1;
			};
			name = Release;
		};
/* End XCBuildConfiguration section */

/* Begin XCConfigurationList section */
		C41A23E42C58759800ED0B5A /* Build configuration list for PBXProject "RxSwift-basic-practice" */ = {
			isa = XCConfigurationList;
			buildConfigurations = (
				C41A23FB2C58759900ED0B5A /* Debug */,
				C41A23FC2C58759900ED0B5A /* Release */,
			);
			defaultConfigurationIsVisible = 0;
			defaultConfigurationName = Release;
		};
		C41A23FD2C58759900ED0B5A /* Build configuration list for PBXNativeTarget "RxSwift-basic-practice" */ = {
			isa = XCConfigurationList;
			buildConfigurations = (
				C41A23FE2C58759900ED0B5A /* Debug */,
				C41A23FF2C58759900ED0B5A /* Release */,
			);
			defaultConfigurationIsVisible = 0;
			defaultConfigurationName = Release;
		};
/* End XCConfigurationList section */

/* Begin XCRemoteSwiftPackageReference section */
		C41A24002C5875CF00ED0B5A /* XCRemoteSwiftPackageReference "RxSwift" */ = {
			isa = XCRemoteSwiftPackageReference;
			repositoryURL = "https://github.com/ReactiveX/RxSwift.git";
			requirement = {
				kind = upToNextMajorVersion;
				minimumVersion = 6.7.1;
			};
		};
		C41A24062C587AFC00ED0B5A /* XCRemoteSwiftPackageReference "SnapKit" */ = {
			isa = XCRemoteSwiftPackageReference;
			repositoryURL = "https://github.com/SnapKit/SnapKit.git";
			requirement = {
				kind = upToNextMajorVersion;
				minimumVersion = 5.7.1;
			};
		};
/* End XCRemoteSwiftPackageReference section */

/* Begin XCSwiftPackageProductDependency section */
		C41A24012C5875CF00ED0B5A /* RxCocoa */ = {
			isa = XCSwiftPackageProductDependency;
			package = C41A24002C5875CF00ED0B5A /* XCRemoteSwiftPackageReference "RxSwift" */;
			productName = RxCocoa;
		};
		C41A24032C5875CF00ED0B5A /* RxSwift */ = {
			isa = XCSwiftPackageProductDependency;
			package = C41A24002C5875CF00ED0B5A /* XCRemoteSwiftPackageReference "RxSwift" */;
			productName = RxSwift;
		};
		C41A24072C587AFC00ED0B5A /* SnapKit */ = {
			isa = XCSwiftPackageProductDependency;
			package = C41A24062C587AFC00ED0B5A /* XCRemoteSwiftPackageReference "SnapKit" */;
			productName = SnapKit;
		};
/* End XCSwiftPackageProductDependency section */
	};
	rootObject = C41A23E12C58759800ED0B5A /* Project object */;
}
